
Microsoft Visual Studio Solution File, Format Version 12.00
# Visual Studio 15
VisualStudioVersion = 15.0.27428.2015
MinimumVisualStudioVersion = 10.0.40219.1
Project("{FAE04EC0-301F-11D3-BF4B-00C04F79EFBC}") = "MusicStore.Web", "MusicStore.Web\MusicStore.Web.csproj", "{680C7896-BAF6-4CAB-B6F0-C566B74436D3}"
EndProject
Project("{FAE04EC0-301F-11D3-BF4B-00C04F79EFBC}") = "MusicStore.DataAccess", "MusicStore.DataAccess\MusicStore.DataAccess.csproj", "{99299349-006E-4EA6-96CB-88FA58ECE64D}"
EndProject
Project("{FAE04EC0-301F-11D3-BF4B-00C04F79EFBC}") = "MusicStoreTests", "MusicStoreTests\MusicStoreTests.csproj", "{8C49FF01-12DE-4791-937F-3FB4C2134198}"
EndProject
Project("{FAE04EC0-301F-11D3-BF4B-00C04F79EFBC}") = "MusicStore.Business", "MusicStore.Business\MusicStore.Business.csproj", "{270F2C32-FCFF-4C8D-86CA-1D0733B8EFA3}"
EndProject
Project("{FAE04EC0-301F-11D3-BF4B-00C04F79EFBC}") = "TheWitcher.Domain", "TheWitcher.Domain\TheWitcher.Domain.csproj", "{FBB0D4FD-C7EF-4D16-9352-AB58DA0BFD24}"
EndProject
Global
	GlobalSection(SolutionConfigurationPlatforms) = preSolution
		Debug|Any CPU = Debug|Any CPU
		Release|Any CPU = Release|Any CPU
	EndGlobalSection
	GlobalSection(ProjectConfigurationPlatforms) = postSolution
		{680C7896-BAF6-4CAB-B6F0-C566B74436D3}.Debug|Any CPU.ActiveCfg = Debug|Any CPU
		{680C7896-BAF6-4CAB-B6F0-C566B74436D3}.Debug|Any CPU.Build.0 = Debug|Any CPU
		{680C7896-BAF6-4CAB-B6F0-C566B74436D3}.Release|Any CPU.ActiveCfg = Release|Any CPU
		{680C7896-BAF6-4CAB-B6F0-C566B74436D3}.Release|Any CPU.Build.0 = Release|Any CPU
		{99299349-006E-4EA6-96CB-88FA58ECE64D}.Debug|Any CPU.ActiveCfg = Debug|Any CPU
		{99299349-006E-4EA6-96CB-88FA58ECE64D}.Debug|Any CPU.Build.0 = Debug|Any CPU
		{99299349-006E-4EA6-96CB-88FA58ECE64D}.Release|Any CPU.ActiveCfg = Release|Any CPU
		{99299349-006E-4EA6-96CB-88FA58ECE64D}.Release|Any CPU.Build.0 = Release|Any CPU
		{8C49FF01-12DE-4791-937F-3FB4C2134198}.Debug|Any CPU.ActiveCfg = Debug|Any CPU
		{8C49FF01-12DE-4791-937F-3FB4C2134198}.Debug|Any CPU.Build.0 = Debug|Any CPU
		{8C49FF01-12DE-4791-937F-3FB4C2134198}.Release|Any CPU.ActiveCfg = Release|Any CPU
		{8C49FF01-12DE-4791-937F-3FB4C2134198}.Release|Any CPU.Build.0 = Release|Any CPU
		{270F2C32-FCFF-4C8D-86CA-1D0733B8EFA3}.Debug|Any CPU.ActiveCfg = Debug|Any CPU
		{270F2C32-FCFF-4C8D-86CA-1D0733B8EFA3}.Debug|Any CPU.Build.0 = Debug|Any CPU
		{270F2C32-FCFF-4C8D-86CA-1D0733B8EFA3}.Release|Any CPU.ActiveCfg = Release|Any CPU
		{270F2C32-FCFF-4C8D-86CA-1D0733B8EFA3}.Release|Any CPU.Build.0 = Release|Any CPU
		{FBB0D4FD-C7EF-4D16-9352-AB58DA0BFD24}.Debug|Any CPU.ActiveCfg = Debug|Any CPU
		{FBB0D4FD-C7EF-4D16-9352-AB58DA0BFD24}.Debug|Any CPU.Build.0 = Debug|Any CPU
		{FBB0D4FD-C7EF-4D16-9352-AB58DA0BFD24}.Release|Any CPU.ActiveCfg = Release|Any CPU
		{FBB0D4FD-C7EF-4D16-9352-AB58DA0BFD24}.Release|Any CPU.Build.0 = Release|Any CPU
	EndGlobalSection
	GlobalSection(SolutionProperties) = preSolution
		HideSolutionNode = FALSE
	EndGlobalSection
	GlobalSection(ExtensibilityGlobals) = postSolution
		SolutionGuid = {9B762879-7EF8-4C49-886E-F1CC07A23217}
	EndGlobalSection
EndGlobal
